
Microsoft Visual Studio Solution File, Format Version 12.00
# Visual Studio Version 16
VisualStudioVersion = 16.0.28803.352
MinimumVisualStudioVersion = 10.0.40219.1
Project("{FAE04EC0-301F-11D3-BF4B-00C04F79EFBC}") = "WebConfigEditor", "WebConfigEditor.csproj", "{B6134493-E8BC-4368-9535-378E8087681F}"
EndProject
Global
	GlobalSection(SolutionConfigurationPlatforms) = preSolution
		Debug|Any CPU = Debug|Any CPU
		Release|Any CPU = Release|Any CPU
	EndGlobalSection
	GlobalSection(ProjectConfigurationPlatforms) = postSolution
		{B6134493-E8BC-4368-9535-378E8087681F}.Debug|Any CPU.ActiveCfg = Debug|Any CPU
		{B6134493-E8BC-4368-9535-378E8087681F}.Debug|Any CPU.Build.0 = Debug|Any CPU
		{B6134493-E8BC-4368-9535-378E8087681F}.Release|Any CPU.ActiveCfg = Release|Any CPU
		{B6134493-E8BC-4368-9535-378E8087681F}.Release|Any CPU.Build.0 = Release|Any CPU
	EndGlobalSection
	GlobalSection(SolutionProperties) = preSolution
		HideSolutionNode = FALSE
	EndGlobalSection
	GlobalSection(ExtensibilityGlobals) = postSolution
		SolutionGuid = {BC0C2C95-3CA4-48BE-9004-F375405D538E}
	EndGlobalSection
EndGlobal
